
Microsoft Visual Studio Solution File, Format Version 12.00
# Visual Studio Version 16
VisualStudioVersion = 16.0.30503.244
MinimumVisualStudioVersion = 10.0.40219.1
Project("{FAE04EC0-301F-11D3-BF4B-00C04F79EFBC}") = "CIS3285_FinalProject_Lists2_WinForms", "CIS3285_FinalProject_Lists2_WinForms\CIS3285_FinalProject_Lists2_WinForms.csproj", "{ABC4CE3C-2C7B-42BE-B3D6-2D01BCD3BF6F}"
EndProject
Global
	GlobalSection(SolutionConfigurationPlatforms) = preSolution
		Debug|Any CPU = Debug|Any CPU
		Release|Any CPU = Release|Any CPU
	EndGlobalSection
	GlobalSection(ProjectConfigurationPlatforms) = postSolution
		{ABC4CE3C-2C7B-42BE-B3D6-2D01BCD3BF6F}.Debug|Any CPU.ActiveCfg = Debug|Any CPU
		{ABC4CE3C-2C7B-42BE-B3D6-2D01BCD3BF6F}.Debug|Any CPU.Build.0 = Debug|Any CPU
		{ABC4CE3C-2C7B-42BE-B3D6-2D01BCD3BF6F}.Release|Any CPU.ActiveCfg = Release|Any CPU
		{ABC4CE3C-2C7B-42BE-B3D6-2D01BCD3BF6F}.Release|Any CPU.Build.0 = Release|Any CPU
	EndGlobalSection
	GlobalSection(SolutionProperties) = preSolution
		HideSolutionNode = FALSE
	EndGlobalSection
	GlobalSection(ExtensibilityGlobals) = postSolution
		SolutionGuid = {B206383D-D2DE-4AB7-8B94-EE68385BB2EE}
	EndGlobalSection
EndGlobal
